PODS:
  - Capacitor (5.7.4):
    - CapacitorCordova
  - CapacitorCommunityMedia (5.4.1):
    - Capacitor
    - SDWebImage
  - CapacitorCordova (5.7.4)
  - SDWebImage (5.19.1):
    - SDWebImage/Core (= 5.19.1)
  - SDWebImage/Core (5.19.1)

DEPENDENCIES:
  - "Capacitor (from `../../node_modules/@capacitor/ios`)"
  - "CapacitorCommunityMedia (from `../../node_modules/@capacitor-community/media`)"
  - "CapacitorCordova (from `../../node_modules/@capacitor/ios`)"

SPEC REPOS:
  trunk:
    - SDWebImage

EXTERNAL SOURCES:
  Capacitor:
    :path: "../../node_modules/@capacitor/ios"
  CapacitorCommunityMedia:
    :path: "../../node_modules/@capacitor-community/media"
  CapacitorCordova:
    :path: "../../node_modules/@capacitor/ios"

SPEC CHECKSUMS:
  Capacitor: 4fe9adf012caceb4c71ffea2f1f4d005cdcbeea7
  CapacitorCommunityMedia: 64352c5ccc6024116c37ec7cffc1376c268a9f84
  CapacitorCordova: a6e87fccc0307dee7aec1560ec9398485f2b0ce7
  SDWebImage: 40b0b4053e36c660a764958bff99eed16610acbb

PODFILE CHECKSUM: 2a82fc6f7ba29c52cf2cf0c469d4a52b179b0484

COCOAPODS: 1.15.2
